
Microsoft Visual Studio Solution File, Format Version 11.00
# Visual Studio 2010
Project("{FAE04EC0-301F-11D3-BF4B-00C04F79EFBC}") = "ClinicWebApp", "ClinicWebApp\ClinicWebApp.csproj", "{59743F02-0597-41DB-BDCB-10BDE799173C}"
EndProject
Global
	GlobalSection(SolutionConfigurationPlatforms) = preSolution
		Debug|Any CPU = Debug|Any CPU
		Release|Any CPU = Release|Any CPU
	EndGlobalSection
	GlobalSection(ProjectConfigurationPlatforms) = postSolution
		{59743F02-0597-41DB-BDCB-10BDE799173C}.Debug|Any CPU.ActiveCfg = Debug|Any CPU
		{59743F02-0597-41DB-BDCB-10BDE799173C}.Debug|Any CPU.Build.0 = Debug|Any CPU
		{59743F02-0597-41DB-BDCB-10BDE799173C}.Release|Any CPU.ActiveCfg = Release|Any CPU
		{59743F02-0597-41DB-BDCB-10BDE799173C}.Release|Any CPU.Build.0 = Release|Any CPU
	EndGlobalSection
	GlobalSection(SolutionProperties) = preSolution
		HideSolutionNode = FALSE
	EndGlobalSection
EndGlobal
